
Microsoft Visual Studio Solution File, Format Version 12.00
# Visual Studio 15
VisualStudioVersion = 15.0.27004.2010
MinimumVisualStudioVersion = 10.0.40219.1
Project("{FAE04EC0-301F-11D3-BF4B-00C04F79EFBC}") = "StationJanitor", "StationJanitor\StationJanitor.csproj", "{BE4185C2-B242-4FEF-825F-2F20FEC1489D}"
EndProject
Global
	GlobalSection(SolutionConfigurationPlatforms) = preSolution
		Debug|Any CPU = Debug|Any CPU
		Release|Any CPU = Release|Any CPU
	EndGlobalSection
	GlobalSection(ProjectConfigurationPlatforms) = postSolution
		{BE4185C2-B242-4FEF-825F-2F20FEC1489D}.Debug|Any CPU.ActiveCfg = Debug|Any CPU
		{BE4185C2-B242-4FEF-825F-2F20FEC1489D}.Debug|Any CPU.Build.0 = Debug|Any CPU
		{BE4185C2-B242-4FEF-825F-2F20FEC1489D}.Release|Any CPU.ActiveCfg = Release|Any CPU
		{BE4185C2-B242-4FEF-825F-2F20FEC1489D}.Release|Any CPU.Build.0 = Release|Any CPU
	EndGlobalSection
	GlobalSection(SolutionProperties) = preSolution
		HideSolutionNode = FALSE
	EndGlobalSection
	GlobalSection(ExtensibilityGlobals) = postSolution
		SolutionGuid = {725D32C2-B339-4CE3-B72B-67AE1F7F31D4}
	EndGlobalSection
EndGlobal
